
Microsoft Visual Studio Solution File, Format Version 10.00
# Visual Studio 2008
Project("{F184B08F-C81C-45F6-A57F-5ABD9991F28F}") = "DocScanSingle", "DocScanSingle\DocScanSingle.vbproj", "{1067B422-8EE4-49D6-B2A4-B9D6C5F76AC7}"
EndProject
Project("{54435603-DBB4-11D2-8724-00A0C9A8B90C}") = "SingleScanSetup", "SingleScanSetup\SingleScanSetup.vdproj", "{3507CB24-D869-4EF0-9A40-5833CAC5B33D}"
EndProject
Project("{F184B08F-C81C-45F6-A57F-5ABD9991F28F}") = "BatchScan", "BatchScan\BatchScan.vbproj", "{7699BE9A-3E7F-4F56-AAD7-8D3D9CF0B6BD}"
EndProject
Global
	GlobalSection(SolutionConfigurationPlatforms) = preSolution
		Debug|Any CPU = Debug|Any CPU
		Release|Any CPU = Release|Any CPU
	EndGlobalSection
	GlobalSection(ProjectConfigurationPlatforms) = postSolution
		{1067B422-8EE4-49D6-B2A4-B9D6C5F76AC7}.Debug|Any CPU.ActiveCfg = Debug|Any CPU
		{1067B422-8EE4-49D6-B2A4-B9D6C5F76AC7}.Debug|Any CPU.Build.0 = Debug|Any CPU
		{1067B422-8EE4-49D6-B2A4-B9D6C5F76AC7}.Release|Any CPU.ActiveCfg = Release|Any CPU
		{1067B422-8EE4-49D6-B2A4-B9D6C5F76AC7}.Release|Any CPU.Build.0 = Release|Any CPU
		{3507CB24-D869-4EF0-9A40-5833CAC5B33D}.Debug|Any CPU.ActiveCfg = Debug
		{3507CB24-D869-4EF0-9A40-5833CAC5B33D}.Release|Any CPU.ActiveCfg = Release
		{7699BE9A-3E7F-4F56-AAD7-8D3D9CF0B6BD}.Debug|Any CPU.ActiveCfg = Debug|Any CPU
		{7699BE9A-3E7F-4F56-AAD7-8D3D9CF0B6BD}.Debug|Any CPU.Build.0 = Debug|Any CPU
		{7699BE9A-3E7F-4F56-AAD7-8D3D9CF0B6BD}.Release|Any CPU.ActiveCfg = Release|Any CPU
		{7699BE9A-3E7F-4F56-AAD7-8D3D9CF0B6BD}.Release|Any CPU.Build.0 = Release|Any CPU
	EndGlobalSection
	GlobalSection(SolutionProperties) = preSolution
		HideSolutionNode = FALSE
	EndGlobalSection
EndGlobal
