
Microsoft Visual Studio Solution File, Format Version 10.00
# Visual Studio 2008
Project("{F184B08F-C81C-45F6-A57F-5ABD9991F28F}") = "BoEExchange", "BoEExchange\BoEExchange.vbproj", "{E07107F3-7E2C-4515-9A13-D8AC3E9D8649}"
EndProject
Global
	GlobalSection(SolutionConfigurationPlatforms) = preSolution
		Debug|Any CPU = Debug|Any CPU
		Release|Any CPU = Release|Any CPU
	EndGlobalSection
	GlobalSection(ProjectConfigurationPlatforms) = postSolution
		{E07107F3-7E2C-4515-9A13-D8AC3E9D8649}.Debug|Any CPU.ActiveCfg = Debug|Any CPU
		{E07107F3-7E2C-4515-9A13-D8AC3E9D8649}.Debug|Any CPU.Build.0 = Debug|Any CPU
		{E07107F3-7E2C-4515-9A13-D8AC3E9D8649}.Release|Any CPU.ActiveCfg = Release|Any CPU
		{E07107F3-7E2C-4515-9A13-D8AC3E9D8649}.Release|Any CPU.Build.0 = Release|Any CPU
	EndGlobalSection
	GlobalSection(SolutionProperties) = preSolution
		HideSolutionNode = FALSE
	EndGlobalSection
EndGlobal
