
Microsoft Visual Studio Solution File, Format Version 10.00
# Visual Studio 2008
Project("{F184B08F-C81C-45F6-A57F-5ABD9991F28F}") = "licensing", "licensing\licensing.vbproj", "{3F8E3D70-CF76-45EC-8569-76F0B50C47DE}"
EndProject
Global
	GlobalSection(SolutionConfigurationPlatforms) = preSolution
		Debug|Any CPU = Debug|Any CPU
		Release|Any CPU = Release|Any CPU
	EndGlobalSection
	GlobalSection(ProjectConfigurationPlatforms) = postSolution
		{3F8E3D70-CF76-45EC-8569-76F0B50C47DE}.Debug|Any CPU.ActiveCfg = Debug|Any CPU
		{3F8E3D70-CF76-45EC-8569-76F0B50C47DE}.Debug|Any CPU.Build.0 = Debug|Any CPU
		{3F8E3D70-CF76-45EC-8569-76F0B50C47DE}.Release|Any CPU.ActiveCfg = Release|Any CPU
		{3F8E3D70-CF76-45EC-8569-76F0B50C47DE}.Release|Any CPU.Build.0 = Release|Any CPU
	EndGlobalSection
	GlobalSection(SolutionProperties) = preSolution
		HideSolutionNode = FALSE
	EndGlobalSection
	GlobalSection(ExtensibilityGlobals) = postSolution
		BuildVersion_BuildVersioningStyle = Increment.Increment.Increment.Increment
		BuildVersion_UpdateFileVersion = True
		BuildVersion_UpdateAssemblyVersion = True
	EndGlobalSection
EndGlobal
