
Microsoft Visual Studio Solution File, Format Version 9.00
# Visual Studio 2005
Project("{F184B08F-C81C-45F6-A57F-5ABD9991F28F}") = "w32SFDCData", "w32SFDCData.vbproj", "{BBBD79A6-627D-4144-8318-A91B675DE965}"
EndProject
Project("{F184B08F-C81C-45F6-A57F-5ABD9991F28F}") = "MyCls", "..\..\..\MyCls\Win32\MyCls.vbproj", "{39C846CC-C496-464A-970B-4A8B75C4C686}"
EndProject
Project("{F184B08F-C81C-45F6-A57F-5ABD9991F28F}") = "PriLoadData", "..\..\..\LoadData\Win32\PriLoadData\PriLoadData.vbproj", "{008768F7-59AA-4F1C-B4CD-E18A5F59754C}"
EndProject
Global
	GlobalSection(SolutionConfigurationPlatforms) = preSolution
		Debug|Any CPU = Debug|Any CPU
		Release|Any CPU = Release|Any CPU
	EndGlobalSection
	GlobalSection(ProjectConfigurationPlatforms) = postSolution
		{BBBD79A6-627D-4144-8318-A91B675DE965}.Debug|Any CPU.ActiveCfg = Debug|Any CPU
		{BBBD79A6-627D-4144-8318-A91B675DE965}.Debug|Any CPU.Build.0 = Debug|Any CPU
		{BBBD79A6-627D-4144-8318-A91B675DE965}.Release|Any CPU.ActiveCfg = Release|Any CPU
		{BBBD79A6-627D-4144-8318-A91B675DE965}.Release|Any CPU.Build.0 = Release|Any CPU
		{39C846CC-C496-464A-970B-4A8B75C4C686}.Debug|Any CPU.ActiveCfg = Debug|Any CPU
		{39C846CC-C496-464A-970B-4A8B75C4C686}.Debug|Any CPU.Build.0 = Debug|Any CPU
		{39C846CC-C496-464A-970B-4A8B75C4C686}.Release|Any CPU.ActiveCfg = Release|Any CPU
		{39C846CC-C496-464A-970B-4A8B75C4C686}.Release|Any CPU.Build.0 = Release|Any CPU
		{008768F7-59AA-4F1C-B4CD-E18A5F59754C}.Debug|Any CPU.ActiveCfg = Debug|Any CPU
		{008768F7-59AA-4F1C-B4CD-E18A5F59754C}.Debug|Any CPU.Build.0 = Debug|Any CPU
		{008768F7-59AA-4F1C-B4CD-E18A5F59754C}.Release|Any CPU.ActiveCfg = Release|Any CPU
		{008768F7-59AA-4F1C-B4CD-E18A5F59754C}.Release|Any CPU.Build.0 = Release|Any CPU
	EndGlobalSection
	GlobalSection(SolutionProperties) = preSolution
		HideSolutionNode = FALSE
	EndGlobalSection
EndGlobal
