
Microsoft Visual Studio Solution File, Format Version 10.00
# Visual Studio 2008
Project("{F184B08F-C81C-45F6-A57F-5ABD9991F28F}") = "sfdcInterface", "..\sfdcData\sfdcInterface.vbproj", "{EED15BDF-E52C-45B0-BF4B-50384B249B36}"
EndProject
Project("{F184B08F-C81C-45F6-A57F-5ABD9991F28F}") = "sfdcClient3", "..\sfdcClient3\sfdcClient3.vbproj", "{AAF1B73E-9909-4573-B823-3D663461583D}"
EndProject
Project("{F184B08F-C81C-45F6-A57F-5ABD9991F28F}") = "Provision", "..\..\..\components\provision\provision\Provision.vbproj", "{C81127CE-7435-4555-961F-D43C4ADC6797}"
EndProject
Project("{F184B08F-C81C-45F6-A57F-5ABD9991F28F}") = "xmlLoad", "..\..\..\components\xmlLoad\xmlLoadCE\xmlLoad.vbproj", "{CFFB9EDD-4E08-4945-BB96-D433BAA0F1D0}"
EndProject
Project("{F184B08F-C81C-45F6-A57F-5ABD9991F28F}") = "cHandler", "..\cHandler\cHandler\cHandler.vbproj", "{5EF41636-098F-46BF-B365-54F6A0C0A719}"
EndProject
Project("{B900F1C2-3D47-4FEC-85B3-04AAF18C3634}") = "sfdc3", "..\setup\sfdc3\sfdc3.vddproj", "{E1C36D74-3C95-462B-96D2-2B9DEF585421}"
EndProject
Project("{F184B08F-C81C-45F6-A57F-5ABD9991F28F}") = "CPCL", "..\..\ce_print\cpcl\CPCL\CPCL.vbproj", "{02BE755C-1DC9-47CE-9931-58DD9164C988}"
EndProject
Project("{F184B08F-C81C-45F6-A57F-5ABD9991F28F}") = "btZebra", "..\..\ce_print\btZebra\btZebra\btZebra.vbproj", "{ACDDCBF0-8DDF-4F58-BD67-3B1AEEA9E513}"
EndProject
Global
	GlobalSection(SolutionConfigurationPlatforms) = preSolution
		AdminTelnet|Any CPU = AdminTelnet|Any CPU
		Debug|Any CPU = Debug|Any CPU
		Release|Any CPU = Release|Any CPU
	EndGlobalSection
	GlobalSection(ProjectConfigurationPlatforms) = postSolution
		{EED15BDF-E52C-45B0-BF4B-50384B249B36}.AdminTelnet|Any CPU.ActiveCfg = Release|Any CPU
		{EED15BDF-E52C-45B0-BF4B-50384B249B36}.AdminTelnet|Any CPU.Build.0 = Release|Any CPU
		{EED15BDF-E52C-45B0-BF4B-50384B249B36}.Debug|Any CPU.ActiveCfg = Debug|Any CPU
		{EED15BDF-E52C-45B0-BF4B-50384B249B36}.Debug|Any CPU.Build.0 = Debug|Any CPU
		{EED15BDF-E52C-45B0-BF4B-50384B249B36}.Debug|Any CPU.Deploy.0 = Debug|Any CPU
		{EED15BDF-E52C-45B0-BF4B-50384B249B36}.Release|Any CPU.ActiveCfg = Release|Any CPU
		{EED15BDF-E52C-45B0-BF4B-50384B249B36}.Release|Any CPU.Build.0 = Release|Any CPU
		{AAF1B73E-9909-4573-B823-3D663461583D}.AdminTelnet|Any CPU.ActiveCfg = Release|Any CPU
		{AAF1B73E-9909-4573-B823-3D663461583D}.AdminTelnet|Any CPU.Build.0 = Release|Any CPU
		{AAF1B73E-9909-4573-B823-3D663461583D}.AdminTelnet|Any CPU.Deploy.0 = Release|Any CPU
		{AAF1B73E-9909-4573-B823-3D663461583D}.Debug|Any CPU.ActiveCfg = Debug|Any CPU
		{AAF1B73E-9909-4573-B823-3D663461583D}.Debug|Any CPU.Build.0 = Debug|Any CPU
		{AAF1B73E-9909-4573-B823-3D663461583D}.Debug|Any CPU.Deploy.0 = Debug|Any CPU
		{AAF1B73E-9909-4573-B823-3D663461583D}.Release|Any CPU.ActiveCfg = Release|Any CPU
		{AAF1B73E-9909-4573-B823-3D663461583D}.Release|Any CPU.Build.0 = Release|Any CPU
		{AAF1B73E-9909-4573-B823-3D663461583D}.Release|Any CPU.Deploy.0 = Release|Any CPU
		{C81127CE-7435-4555-961F-D43C4ADC6797}.AdminTelnet|Any CPU.ActiveCfg = Release|Any CPU
		{C81127CE-7435-4555-961F-D43C4ADC6797}.AdminTelnet|Any CPU.Build.0 = Release|Any CPU
		{C81127CE-7435-4555-961F-D43C4ADC6797}.Debug|Any CPU.ActiveCfg = Debug|Any CPU
		{C81127CE-7435-4555-961F-D43C4ADC6797}.Release|Any CPU.ActiveCfg = Release|Any CPU
		{C81127CE-7435-4555-961F-D43C4ADC6797}.Release|Any CPU.Build.0 = Release|Any CPU
		{CFFB9EDD-4E08-4945-BB96-D433BAA0F1D0}.AdminTelnet|Any CPU.ActiveCfg = Release|Any CPU
		{CFFB9EDD-4E08-4945-BB96-D433BAA0F1D0}.AdminTelnet|Any CPU.Build.0 = Release|Any CPU
		{CFFB9EDD-4E08-4945-BB96-D433BAA0F1D0}.Debug|Any CPU.ActiveCfg = Debug|Any CPU
		{CFFB9EDD-4E08-4945-BB96-D433BAA0F1D0}.Release|Any CPU.ActiveCfg = Release|Any CPU
		{CFFB9EDD-4E08-4945-BB96-D433BAA0F1D0}.Release|Any CPU.Build.0 = Release|Any CPU
		{5EF41636-098F-46BF-B365-54F6A0C0A719}.AdminTelnet|Any CPU.ActiveCfg = Release|Any CPU
		{5EF41636-098F-46BF-B365-54F6A0C0A719}.AdminTelnet|Any CPU.Build.0 = Release|Any CPU
		{5EF41636-098F-46BF-B365-54F6A0C0A719}.Debug|Any CPU.ActiveCfg = Debug|Any CPU
		{5EF41636-098F-46BF-B365-54F6A0C0A719}.Debug|Any CPU.Build.0 = Debug|Any CPU
		{5EF41636-098F-46BF-B365-54F6A0C0A719}.Release|Any CPU.ActiveCfg = Release|Any CPU
		{5EF41636-098F-46BF-B365-54F6A0C0A719}.Release|Any CPU.Build.0 = Release|Any CPU
		{E1C36D74-3C95-462B-96D2-2B9DEF585421}.AdminTelnet|Any CPU.ActiveCfg = Release
		{E1C36D74-3C95-462B-96D2-2B9DEF585421}.Debug|Any CPU.ActiveCfg = Debug
		{E1C36D74-3C95-462B-96D2-2B9DEF585421}.Release|Any CPU.ActiveCfg = Release
		{02BE755C-1DC9-47CE-9931-58DD9164C988}.AdminTelnet|Any CPU.ActiveCfg = Release|Any CPU
		{02BE755C-1DC9-47CE-9931-58DD9164C988}.AdminTelnet|Any CPU.Build.0 = Release|Any CPU
		{02BE755C-1DC9-47CE-9931-58DD9164C988}.Debug|Any CPU.ActiveCfg = Debug|Any CPU
		{02BE755C-1DC9-47CE-9931-58DD9164C988}.Release|Any CPU.ActiveCfg = Release|Any CPU
		{02BE755C-1DC9-47CE-9931-58DD9164C988}.Release|Any CPU.Build.0 = Release|Any CPU
		{ACDDCBF0-8DDF-4F58-BD67-3B1AEEA9E513}.AdminTelnet|Any CPU.ActiveCfg = Release|Any CPU
		{ACDDCBF0-8DDF-4F58-BD67-3B1AEEA9E513}.AdminTelnet|Any CPU.Build.0 = Release|Any CPU
		{ACDDCBF0-8DDF-4F58-BD67-3B1AEEA9E513}.Debug|Any CPU.ActiveCfg = Debug|Any CPU
		{ACDDCBF0-8DDF-4F58-BD67-3B1AEEA9E513}.Release|Any CPU.ActiveCfg = Release|Any CPU
		{ACDDCBF0-8DDF-4F58-BD67-3B1AEEA9E513}.Release|Any CPU.Build.0 = Release|Any CPU
	EndGlobalSection
	GlobalSection(SolutionProperties) = preSolution
		HideSolutionNode = FALSE
	EndGlobalSection
EndGlobal
