
Microsoft Visual Studio Solution File, Format Version 10.00
# Visual Studio 2008
Project("{F184B08F-C81C-45F6-A57F-5ABD9991F28F}") = "cumulocityCli", "cumulocityCli\cumulocityCli.vbproj", "{04E47C35-EB70-4A1B-995C-63777C25F816}"
EndProject
Project("{F184B08F-C81C-45F6-A57F-5ABD9991F28F}") = "cumulicity", "cumulicity\cumulicity.vbproj", "{1DA90B3D-14BA-454F-83BF-1F87D2AAA099}"
EndProject
Global
	GlobalSection(SolutionConfigurationPlatforms) = preSolution
		Debug|Any CPU = Debug|Any CPU
		Release|Any CPU = Release|Any CPU
	EndGlobalSection
	GlobalSection(ProjectConfigurationPlatforms) = postSolution
		{04E47C35-EB70-4A1B-995C-63777C25F816}.Debug|Any CPU.ActiveCfg = Debug|Any CPU
		{04E47C35-EB70-4A1B-995C-63777C25F816}.Debug|Any CPU.Build.0 = Debug|Any CPU
		{04E47C35-EB70-4A1B-995C-63777C25F816}.Release|Any CPU.ActiveCfg = Release|Any CPU
		{04E47C35-EB70-4A1B-995C-63777C25F816}.Release|Any CPU.Build.0 = Release|Any CPU
		{1DA90B3D-14BA-454F-83BF-1F87D2AAA099}.Debug|Any CPU.ActiveCfg = Debug|Any CPU
		{1DA90B3D-14BA-454F-83BF-1F87D2AAA099}.Debug|Any CPU.Build.0 = Debug|Any CPU
		{1DA90B3D-14BA-454F-83BF-1F87D2AAA099}.Release|Any CPU.ActiveCfg = Release|Any CPU
		{1DA90B3D-14BA-454F-83BF-1F87D2AAA099}.Release|Any CPU.Build.0 = Release|Any CPU
	EndGlobalSection
	GlobalSection(SolutionProperties) = preSolution
		HideSolutionNode = FALSE
	EndGlobalSection
EndGlobal
