
Microsoft Visual Studio Solution File, Format Version 10.00
# Visual Studio 2008
Project("{E24C65DC-7377-472B-9ABA-BC803B73C61A}") = "xmlcms", ".", "{928FA62B-0E3A-4E75-AC0A-21ABF5C11637}"
	ProjectSection(WebsiteProperties) = preProject
		TargetFramework = "3.5"
		Debug.AspNetCompiler.VirtualPath = "/xmlcms"
		Debug.AspNetCompiler.PhysicalPath = "..\xmlcms\"
		Debug.AspNetCompiler.TargetPath = "PrecompiledWeb\xmlcms\"
		Debug.AspNetCompiler.Updateable = "true"
		Debug.AspNetCompiler.ForceOverwrite = "true"
		Debug.AspNetCompiler.FixedNames = "false"
		Debug.AspNetCompiler.Debug = "True"
		Release.AspNetCompiler.VirtualPath = "/xmlcms"
		Release.AspNetCompiler.PhysicalPath = "..\xmlcms\"
		Release.AspNetCompiler.TargetPath = "PrecompiledWeb\xmlcms\"
		Release.AspNetCompiler.Updateable = "true"
		Release.AspNetCompiler.ForceOverwrite = "true"
		Release.AspNetCompiler.FixedNames = "false"
		Release.AspNetCompiler.Debug = "False"
		VWDPort = "56656"
	EndProjectSection
EndProject
Global
	GlobalSection(SolutionConfigurationPlatforms) = preSolution
		Debug|.NET = Debug|.NET
	EndGlobalSection
	GlobalSection(ProjectConfigurationPlatforms) = postSolution
		{928FA62B-0E3A-4E75-AC0A-21ABF5C11637}.Debug|.NET.ActiveCfg = Debug|.NET
		{928FA62B-0E3A-4E75-AC0A-21ABF5C11637}.Debug|.NET.Build.0 = Debug|.NET
	EndGlobalSection
	GlobalSection(SolutionProperties) = preSolution
		HideSolutionNode = FALSE
	EndGlobalSection
EndGlobal
