
Microsoft Visual Studio Solution File, Format Version 10.00
# Visual Studio 2008
Project("{F184B08F-C81C-45F6-A57F-5ABD9991F28F}") = "ppDiscovery", "..\interactive\ppDiscovery\ppDiscovery.vbproj", "{63657416-40AF-4B76-A22D-55101342A64B}"
EndProject
Project("{F184B08F-C81C-45F6-A57F-5ABD9991F28F}") = "svcDefinition", "..\svcDefinition\svcDefinition.vbproj", "{71FB99F8-B999-46AD-BEDE-B632B9085D3B}"
EndProject
Project("{F184B08F-C81C-45F6-A57F-5ABD9991F28F}") = "PriSock", "..\..\..\components\PriSock\PriSock.vbproj", "{41FB05E6-A5C2-46A9-816C-BBD42A6424C5}"
EndProject
Project("{2150E333-8FDC-42A3-9474-1A3956D46DE8}") = "Framework", "Framework", "{4D8AD5FF-E4B5-4768-B08D-2758B70A35B8}"
EndProject
Project("{2150E333-8FDC-42A3-9474-1A3956D46DE8}") = "Services", "Services", "{4C24BDA8-08A0-4D6B-9712-FF91408C5089}"
EndProject
Project("{F184B08F-C81C-45F6-A57F-5ABD9991F28F}") = "ppq", "..\interactive\ppQ\ppq.vbproj", "{5C18A0E8-253E-4533-A844-7A9F419BB475}"
EndProject
Project("{F184B08F-C81C-45F6-A57F-5ABD9991F28F}") = "ppLog", "..\interactive\ppLog\ppLog.vbproj", "{53B360C8-FD4F-446C-AF29-03BE1F6D90C8}"
EndProject
Project("{F184B08F-C81C-45F6-A57F-5ABD9991F28F}") = "pploader", "..\interactive\ppLoader\pploader.vbproj", "{A7DBA673-307C-4147-96AB-9225E54098F1}"
EndProject
Project("{F184B08F-C81C-45F6-A57F-5ABD9991F28F}") = "hDiscovery", "..\svcHandler\hDiscovery\hDiscovery.vbproj", "{C58C361D-5B4E-4FFB-A80A-B84702D53738}"
EndProject
Project("{2150E333-8FDC-42A3-9474-1A3956D46DE8}") = "Discovery", "Discovery", "{6C3C3CC7-C84E-47FF-BD7B-B478C0DD26CF}"
EndProject
Project("{2150E333-8FDC-42A3-9474-1A3956D46DE8}") = "Loader", "Loader", "{3896276B-F6E4-4572-ADDB-6559D4835C0D}"
EndProject
Project("{2150E333-8FDC-42A3-9474-1A3956D46DE8}") = "Log", "Log", "{C99D4675-B7DD-4A67-8BBF-34554BD20EAA}"
EndProject
Project("{2150E333-8FDC-42A3-9474-1A3956D46DE8}") = "q", "q", "{99634735-AEFB-4C1B-A239-258C6E930BFD}"
EndProject
Project("{F184B08F-C81C-45F6-A57F-5ABD9991F28F}") = "hLoader", "..\svcHandler\hLoader\hLoader.vbproj", "{1024D477-897D-4DA0-BEA2-9782499C4515}"
EndProject
Project("{F184B08F-C81C-45F6-A57F-5ABD9991F28F}") = "hLog", "..\svcHandler\hLog\hLog.vbproj", "{954EEF05-3102-4743-8EAB-1C99927BE69B}"
EndProject
Project("{F184B08F-C81C-45F6-A57F-5ABD9991F28F}") = "hq", "..\svcHandler\hQ\hq.vbproj", "{DA62AC24-D4C5-4A9D-81CF-8931C5425864}"
EndProject
Project("{F184B08F-C81C-45F6-A57F-5ABD9991F28F}") = "Subscriber", "..\subscribers\subscriber\Subscriber.vbproj", "{5EA0E2AA-E6AB-47DC-972A-6CCB1B1627E3}"
EndProject
Project("{2150E333-8FDC-42A3-9474-1A3956D46DE8}") = "Subscribers", "Subscribers", "{66E71D00-B395-4472-A920-2CADEFF2F694}"
EndProject
Project("{F184B08F-C81C-45F6-A57F-5ABD9991F28F}") = "subCmd", "..\Subscribers\subCmd\subCmd.vbproj", "{C0944908-3128-4447-82EF-BA946E4CFB81}"
EndProject
Project("{2150E333-8FDC-42A3-9474-1A3956D46DE8}") = "subCMD", "subCMD", "{19510C29-D845-4839-B20F-50E242205A89}"
EndProject
Project("{2150E333-8FDC-42A3-9474-1A3956D46DE8}") = "Base Subscriber", "Base Subscriber", "{545F4C50-642A-4D85-BAEF-69DB4F51BD78}"
EndProject
Project("{F184B08F-C81C-45F6-A57F-5ABD9991F28F}") = "hSubCmd", "..\svcHandler\hSubCmd\hSubCmd.vbproj", "{A53C7250-0815-4043-B8BA-15EA4892F7A7}"
EndProject
Project("{2150E333-8FDC-42A3-9474-1A3956D46DE8}") = "priSql", "priSql", "{0982E466-DA37-46BB-9A2B-EC68E177265E}"
EndProject
Project("{F184B08F-C81C-45F6-A57F-5ABD9991F28F}") = "ppPriSql", "..\interactive\ppPriSql\ppPriSql.vbproj", "{397F2AE8-080E-4476-93FA-885220099DD1}"
EndProject
Project("{F184B08F-C81C-45F6-A57F-5ABD9991F28F}") = "hprisql", "..\svcHandler\hprisql\hprisql.vbproj", "{B08E4188-7ADA-405C-B2AF-B9B6C55B9212}"
EndProject
Project("{F184B08F-C81C-45F6-A57F-5ABD9991F28F}") = "svcDiscovery", "..\Services\svcDiscovery\svcDiscovery.vbproj", "{78E825B3-364D-458B-88AD-27FBF3943F99}"
EndProject
Project("{F184B08F-C81C-45F6-A57F-5ABD9991F28F}") = "svcLog", "..\Services\svcLog\svcLog.vbproj", "{639DDFBA-191D-473B-9491-E4ABCDA6F336}"
EndProject
Project("{2150E333-8FDC-42A3-9474-1A3956D46DE8}") = "unwise", "unwise", "{AD9817D7-14A9-4198-8C2E-81BD02B25BC5}"
EndProject
Project("{54435603-DBB4-11D2-8724-00A0C9A8B90C}") = "webServer", "..\Unwise\webServer\web_install.vdproj", "{23CA67E2-2243-451A-A94E-929471A63000}"
EndProject
Project("{2150E333-8FDC-42A3-9474-1A3956D46DE8}") = "Console", "Console", "{941C716D-E0F4-4AEE-AE1F-2903002A4F8C}"
EndProject
Project("{F184B08F-C81C-45F6-A57F-5ABD9991F28F}") = "hConsole", "..\svcHandler\hConsole\hConsole.vbproj", "{3F174AF9-4E49-4AF5-9DE8-C18DE3884F51}"
EndProject
Project("{F184B08F-C81C-45F6-A57F-5ABD9991F28F}") = "ppConsole", "..\Interactive\ppConsole\ppConsole.vbproj", "{1FDA981F-8189-4646-ACDF-0C8A8F3AE22E}"
EndProject
Project("{F184B08F-C81C-45F6-A57F-5ABD9991F28F}") = "svcConsole", "..\Services\svcConsole\svcConsole.vbproj", "{777DAF2E-90BE-483A-84A0-B1D3992A7DAD}"
EndProject
Project("{F184B08F-C81C-45F6-A57F-5ABD9991F28F}") = "svcLoader", "..\Services\svcLoader\svcLoader.vbproj", "{C67CAC3B-BBBE-4640-A8C8-DF42442A0F10}"
EndProject
Project("{F184B08F-C81C-45F6-A57F-5ABD9991F28F}") = "svcPriSQL", "..\Services\svcPriSQL\svcPriSQL.vbproj", "{CB43D828-8D18-46CF-8B78-F921BBBC64BD}"
EndProject
Project("{F184B08F-C81C-45F6-A57F-5ABD9991F28F}") = "svcq", "..\Services\svcq\svcq.vbproj", "{E6993489-8476-4F1A-A827-C62528AAB547}"
EndProject
Project("{2150E333-8FDC-42A3-9474-1A3956D46DE8}") = "subSMTP", "subSMTP", "{7BF61732-B1A8-43EB-96E1-D51DAC06F84F}"
EndProject
Project("{2150E333-8FDC-42A3-9474-1A3956D46DE8}") = "subIRC", "subIRC", "{D265DFD5-5C61-48DD-AA94-6EC07D54139C}"
EndProject
Project("{2150E333-8FDC-42A3-9474-1A3956D46DE8}") = "subSMS", "subSMS", "{CD005E8E-8000-4548-93A7-B0CC4A282953}"
EndProject
Project("{F184B08F-C81C-45F6-A57F-5ABD9991F28F}") = "hSubIRC", "..\svcHandler\hSubIRC\hSubIRC.vbproj", "{79FEB293-8368-4348-A573-D343F9D8E28B}"
EndProject
Project("{F184B08F-C81C-45F6-A57F-5ABD9991F28F}") = "hSubSMS", "..\svcHandler\hSubSMS\hSubSMS.vbproj", "{A500A641-ACCA-43B6-9AD0-612100275540}"
EndProject
Project("{F184B08F-C81C-45F6-A57F-5ABD9991F28F}") = "hSubSMTP", "..\svcHandler\hSubSMTP\hSubSMTP.vbproj", "{56FEDE3A-C90B-4BBB-8A2F-D8F9E5F78A45}"
EndProject
Project("{F184B08F-C81C-45F6-A57F-5ABD9991F28F}") = "SubIRC", "..\Subscribers\SubIRC\SubIRC.vbproj", "{8A980011-1300-4BFE-824B-8F8F8459CF17}"
EndProject
Project("{F184B08F-C81C-45F6-A57F-5ABD9991F28F}") = "SubSMS", "..\Subscribers\subSMS\SubSMS.vbproj", "{4BE7915A-8EE8-4BF8-94EF-BCABB04FF862}"
EndProject
Project("{F184B08F-C81C-45F6-A57F-5ABD9991F28F}") = "SubSMTP", "..\Subscribers\subSMTP\SubSMTP.vbproj", "{9053A5F4-2CF3-4E92-9487-9BFFCB50405B}"
EndProject
Project("{F184B08F-C81C-45F6-A57F-5ABD9991F28F}") = "svcSubIRC", "..\Services\svcSubIRC\svcSubIRC.vbproj", "{ACE395F7-5243-4ADE-9329-F00A3AC322C1}"
EndProject
Project("{F184B08F-C81C-45F6-A57F-5ABD9991F28F}") = "svcSubSMS", "..\Services\svcSubSMS\svcSubSMS.vbproj", "{3628B8AD-282D-44B5-BC92-561090711CA6}"
EndProject
Project("{F184B08F-C81C-45F6-A57F-5ABD9991F28F}") = "svcSubSMTP", "..\Services\svcSubSMTP\svcSubSMTP.vbproj", "{9D7DAFCF-8DF8-4944-A19F-9988AE2BE177}"
EndProject
Global
	GlobalSection(SolutionConfigurationPlatforms) = preSolution
		Debug|Any CPU = Debug|Any CPU
		Handlers Only|Any CPU = Handlers Only|Any CPU
		Release|Any CPU = Release|Any CPU
	EndGlobalSection
	GlobalSection(ProjectConfigurationPlatforms) = postSolution
		{63657416-40AF-4B76-A22D-55101342A64B}.Debug|Any CPU.ActiveCfg = Debug|Any CPU
		{63657416-40AF-4B76-A22D-55101342A64B}.Debug|Any CPU.Build.0 = Debug|Any CPU
		{63657416-40AF-4B76-A22D-55101342A64B}.Handlers Only|Any CPU.ActiveCfg = Handlers Only|Any CPU
		{63657416-40AF-4B76-A22D-55101342A64B}.Release|Any CPU.ActiveCfg = Release|Any CPU
		{63657416-40AF-4B76-A22D-55101342A64B}.Release|Any CPU.Build.0 = Release|Any CPU
		{71FB99F8-B999-46AD-BEDE-B632B9085D3B}.Debug|Any CPU.ActiveCfg = Debug|Any CPU
		{71FB99F8-B999-46AD-BEDE-B632B9085D3B}.Debug|Any CPU.Build.0 = Debug|Any CPU
		{71FB99F8-B999-46AD-BEDE-B632B9085D3B}.Handlers Only|Any CPU.ActiveCfg = Handlers Only|Any CPU
		{71FB99F8-B999-46AD-BEDE-B632B9085D3B}.Release|Any CPU.ActiveCfg = Release|Any CPU
		{71FB99F8-B999-46AD-BEDE-B632B9085D3B}.Release|Any CPU.Build.0 = Release|Any CPU
		{41FB05E6-A5C2-46A9-816C-BBD42A6424C5}.Debug|Any CPU.ActiveCfg = Debug|Any CPU
		{41FB05E6-A5C2-46A9-816C-BBD42A6424C5}.Debug|Any CPU.Build.0 = Debug|Any CPU
		{41FB05E6-A5C2-46A9-816C-BBD42A6424C5}.Handlers Only|Any CPU.ActiveCfg = Handlers Only|Any CPU
		{41FB05E6-A5C2-46A9-816C-BBD42A6424C5}.Release|Any CPU.ActiveCfg = Release|Any CPU
		{41FB05E6-A5C2-46A9-816C-BBD42A6424C5}.Release|Any CPU.Build.0 = Release|Any CPU
		{5C18A0E8-253E-4533-A844-7A9F419BB475}.Debug|Any CPU.ActiveCfg = Debug|Any CPU
		{5C18A0E8-253E-4533-A844-7A9F419BB475}.Debug|Any CPU.Build.0 = Debug|Any CPU
		{5C18A0E8-253E-4533-A844-7A9F419BB475}.Handlers Only|Any CPU.ActiveCfg = Handlers Only|Any CPU
		{5C18A0E8-253E-4533-A844-7A9F419BB475}.Release|Any CPU.ActiveCfg = Release|Any CPU
		{5C18A0E8-253E-4533-A844-7A9F419BB475}.Release|Any CPU.Build.0 = Release|Any CPU
		{53B360C8-FD4F-446C-AF29-03BE1F6D90C8}.Debug|Any CPU.ActiveCfg = Debug|Any CPU
		{53B360C8-FD4F-446C-AF29-03BE1F6D90C8}.Debug|Any CPU.Build.0 = Debug|Any CPU
		{53B360C8-FD4F-446C-AF29-03BE1F6D90C8}.Handlers Only|Any CPU.ActiveCfg = Handlers Only|Any CPU
		{53B360C8-FD4F-446C-AF29-03BE1F6D90C8}.Release|Any CPU.ActiveCfg = Release|Any CPU
		{53B360C8-FD4F-446C-AF29-03BE1F6D90C8}.Release|Any CPU.Build.0 = Release|Any CPU
		{A7DBA673-307C-4147-96AB-9225E54098F1}.Debug|Any CPU.ActiveCfg = Debug|Any CPU
		{A7DBA673-307C-4147-96AB-9225E54098F1}.Debug|Any CPU.Build.0 = Debug|Any CPU
		{A7DBA673-307C-4147-96AB-9225E54098F1}.Handlers Only|Any CPU.ActiveCfg = Handlers Only|Any CPU
		{A7DBA673-307C-4147-96AB-9225E54098F1}.Release|Any CPU.ActiveCfg = Release|Any CPU
		{A7DBA673-307C-4147-96AB-9225E54098F1}.Release|Any CPU.Build.0 = Release|Any CPU
		{C58C361D-5B4E-4FFB-A80A-B84702D53738}.Debug|Any CPU.ActiveCfg = Debug|Any CPU
		{C58C361D-5B4E-4FFB-A80A-B84702D53738}.Debug|Any CPU.Build.0 = Debug|Any CPU
		{C58C361D-5B4E-4FFB-A80A-B84702D53738}.Handlers Only|Any CPU.ActiveCfg = Handlers Only|Any CPU
		{C58C361D-5B4E-4FFB-A80A-B84702D53738}.Handlers Only|Any CPU.Build.0 = Handlers Only|Any CPU
		{C58C361D-5B4E-4FFB-A80A-B84702D53738}.Release|Any CPU.ActiveCfg = Release|Any CPU
		{C58C361D-5B4E-4FFB-A80A-B84702D53738}.Release|Any CPU.Build.0 = Release|Any CPU
		{1024D477-897D-4DA0-BEA2-9782499C4515}.Debug|Any CPU.ActiveCfg = Debug|Any CPU
		{1024D477-897D-4DA0-BEA2-9782499C4515}.Debug|Any CPU.Build.0 = Debug|Any CPU
		{1024D477-897D-4DA0-BEA2-9782499C4515}.Handlers Only|Any CPU.ActiveCfg = Handlers Only|Any CPU
		{1024D477-897D-4DA0-BEA2-9782499C4515}.Handlers Only|Any CPU.Build.0 = Handlers Only|Any CPU
		{1024D477-897D-4DA0-BEA2-9782499C4515}.Release|Any CPU.ActiveCfg = Release|Any CPU
		{1024D477-897D-4DA0-BEA2-9782499C4515}.Release|Any CPU.Build.0 = Release|Any CPU
		{954EEF05-3102-4743-8EAB-1C99927BE69B}.Debug|Any CPU.ActiveCfg = Debug|Any CPU
		{954EEF05-3102-4743-8EAB-1C99927BE69B}.Debug|Any CPU.Build.0 = Debug|Any CPU
		{954EEF05-3102-4743-8EAB-1C99927BE69B}.Handlers Only|Any CPU.ActiveCfg = Handlers Only|Any CPU
		{954EEF05-3102-4743-8EAB-1C99927BE69B}.Handlers Only|Any CPU.Build.0 = Handlers Only|Any CPU
		{954EEF05-3102-4743-8EAB-1C99927BE69B}.Release|Any CPU.ActiveCfg = Release|Any CPU
		{954EEF05-3102-4743-8EAB-1C99927BE69B}.Release|Any CPU.Build.0 = Release|Any CPU
		{DA62AC24-D4C5-4A9D-81CF-8931C5425864}.Debug|Any CPU.ActiveCfg = Debug|Any CPU
		{DA62AC24-D4C5-4A9D-81CF-8931C5425864}.Debug|Any CPU.Build.0 = Debug|Any CPU
		{DA62AC24-D4C5-4A9D-81CF-8931C5425864}.Handlers Only|Any CPU.ActiveCfg = Handlers Only|Any CPU
		{DA62AC24-D4C5-4A9D-81CF-8931C5425864}.Handlers Only|Any CPU.Build.0 = Handlers Only|Any CPU
		{DA62AC24-D4C5-4A9D-81CF-8931C5425864}.Release|Any CPU.ActiveCfg = Release|Any CPU
		{DA62AC24-D4C5-4A9D-81CF-8931C5425864}.Release|Any CPU.Build.0 = Release|Any CPU
		{5EA0E2AA-E6AB-47DC-972A-6CCB1B1627E3}.Debug|Any CPU.ActiveCfg = Debug|Any CPU
		{5EA0E2AA-E6AB-47DC-972A-6CCB1B1627E3}.Debug|Any CPU.Build.0 = Debug|Any CPU
		{5EA0E2AA-E6AB-47DC-972A-6CCB1B1627E3}.Handlers Only|Any CPU.ActiveCfg = Handlers Only|Any CPU
		{5EA0E2AA-E6AB-47DC-972A-6CCB1B1627E3}.Release|Any CPU.ActiveCfg = Release|Any CPU
		{5EA0E2AA-E6AB-47DC-972A-6CCB1B1627E3}.Release|Any CPU.Build.0 = Release|Any CPU
		{C0944908-3128-4447-82EF-BA946E4CFB81}.Debug|Any CPU.ActiveCfg = Debug|Any CPU
		{C0944908-3128-4447-82EF-BA946E4CFB81}.Debug|Any CPU.Build.0 = Debug|Any CPU
		{C0944908-3128-4447-82EF-BA946E4CFB81}.Handlers Only|Any CPU.ActiveCfg = Handlers Only|Any CPU
		{C0944908-3128-4447-82EF-BA946E4CFB81}.Release|Any CPU.ActiveCfg = Release|Any CPU
		{C0944908-3128-4447-82EF-BA946E4CFB81}.Release|Any CPU.Build.0 = Release|Any CPU
		{A53C7250-0815-4043-B8BA-15EA4892F7A7}.Debug|Any CPU.ActiveCfg = Debug|Any CPU
		{A53C7250-0815-4043-B8BA-15EA4892F7A7}.Debug|Any CPU.Build.0 = Debug|Any CPU
		{A53C7250-0815-4043-B8BA-15EA4892F7A7}.Handlers Only|Any CPU.ActiveCfg = Handlers Only|Any CPU
		{A53C7250-0815-4043-B8BA-15EA4892F7A7}.Handlers Only|Any CPU.Build.0 = Handlers Only|Any CPU
		{A53C7250-0815-4043-B8BA-15EA4892F7A7}.Release|Any CPU.ActiveCfg = Release|Any CPU
		{A53C7250-0815-4043-B8BA-15EA4892F7A7}.Release|Any CPU.Build.0 = Release|Any CPU
		{397F2AE8-080E-4476-93FA-885220099DD1}.Debug|Any CPU.ActiveCfg = Debug|Any CPU
		{397F2AE8-080E-4476-93FA-885220099DD1}.Debug|Any CPU.Build.0 = Debug|Any CPU
		{397F2AE8-080E-4476-93FA-885220099DD1}.Handlers Only|Any CPU.ActiveCfg = Handlers Only|Any CPU
		{397F2AE8-080E-4476-93FA-885220099DD1}.Release|Any CPU.ActiveCfg = Release|Any CPU
		{397F2AE8-080E-4476-93FA-885220099DD1}.Release|Any CPU.Build.0 = Release|Any CPU
		{B08E4188-7ADA-405C-B2AF-B9B6C55B9212}.Debug|Any CPU.ActiveCfg = Debug|Any CPU
		{B08E4188-7ADA-405C-B2AF-B9B6C55B9212}.Debug|Any CPU.Build.0 = Debug|Any CPU
		{B08E4188-7ADA-405C-B2AF-B9B6C55B9212}.Handlers Only|Any CPU.ActiveCfg = Handlers Only|Any CPU
		{B08E4188-7ADA-405C-B2AF-B9B6C55B9212}.Handlers Only|Any CPU.Build.0 = Handlers Only|Any CPU
		{B08E4188-7ADA-405C-B2AF-B9B6C55B9212}.Release|Any CPU.ActiveCfg = Release|Any CPU
		{B08E4188-7ADA-405C-B2AF-B9B6C55B9212}.Release|Any CPU.Build.0 = Release|Any CPU
		{78E825B3-364D-458B-88AD-27FBF3943F99}.Debug|Any CPU.ActiveCfg = Debug|Any CPU
		{78E825B3-364D-458B-88AD-27FBF3943F99}.Debug|Any CPU.Build.0 = Debug|Any CPU
		{78E825B3-364D-458B-88AD-27FBF3943F99}.Handlers Only|Any CPU.ActiveCfg = Handlers Only|Any CPU
		{78E825B3-364D-458B-88AD-27FBF3943F99}.Release|Any CPU.ActiveCfg = Release|Any CPU
		{78E825B3-364D-458B-88AD-27FBF3943F99}.Release|Any CPU.Build.0 = Release|Any CPU
		{639DDFBA-191D-473B-9491-E4ABCDA6F336}.Debug|Any CPU.ActiveCfg = Debug|Any CPU
		{639DDFBA-191D-473B-9491-E4ABCDA6F336}.Debug|Any CPU.Build.0 = Debug|Any CPU
		{639DDFBA-191D-473B-9491-E4ABCDA6F336}.Handlers Only|Any CPU.ActiveCfg = Handlers Only|Any CPU
		{639DDFBA-191D-473B-9491-E4ABCDA6F336}.Release|Any CPU.ActiveCfg = Release|Any CPU
		{639DDFBA-191D-473B-9491-E4ABCDA6F336}.Release|Any CPU.Build.0 = Release|Any CPU
		{23CA67E2-2243-451A-A94E-929471A63000}.Debug|Any CPU.ActiveCfg = Debug
		{23CA67E2-2243-451A-A94E-929471A63000}.Handlers Only|Any CPU.ActiveCfg = Handlers Only
		{23CA67E2-2243-451A-A94E-929471A63000}.Release|Any CPU.ActiveCfg = Release
		{23CA67E2-2243-451A-A94E-929471A63000}.Release|Any CPU.Build.0 = Release
		{3F174AF9-4E49-4AF5-9DE8-C18DE3884F51}.Debug|Any CPU.ActiveCfg = Debug|Any CPU
		{3F174AF9-4E49-4AF5-9DE8-C18DE3884F51}.Debug|Any CPU.Build.0 = Debug|Any CPU
		{3F174AF9-4E49-4AF5-9DE8-C18DE3884F51}.Handlers Only|Any CPU.ActiveCfg = Release|Any CPU
		{3F174AF9-4E49-4AF5-9DE8-C18DE3884F51}.Handlers Only|Any CPU.Build.0 = Release|Any CPU
		{3F174AF9-4E49-4AF5-9DE8-C18DE3884F51}.Release|Any CPU.ActiveCfg = Release|Any CPU
		{3F174AF9-4E49-4AF5-9DE8-C18DE3884F51}.Release|Any CPU.Build.0 = Release|Any CPU
		{1FDA981F-8189-4646-ACDF-0C8A8F3AE22E}.Debug|Any CPU.ActiveCfg = Debug|Any CPU
		{1FDA981F-8189-4646-ACDF-0C8A8F3AE22E}.Debug|Any CPU.Build.0 = Debug|Any CPU
		{1FDA981F-8189-4646-ACDF-0C8A8F3AE22E}.Handlers Only|Any CPU.ActiveCfg = Release|Any CPU
		{1FDA981F-8189-4646-ACDF-0C8A8F3AE22E}.Handlers Only|Any CPU.Build.0 = Release|Any CPU
		{1FDA981F-8189-4646-ACDF-0C8A8F3AE22E}.Release|Any CPU.ActiveCfg = Release|Any CPU
		{1FDA981F-8189-4646-ACDF-0C8A8F3AE22E}.Release|Any CPU.Build.0 = Release|Any CPU
		{777DAF2E-90BE-483A-84A0-B1D3992A7DAD}.Debug|Any CPU.ActiveCfg = Debug|Any CPU
		{777DAF2E-90BE-483A-84A0-B1D3992A7DAD}.Debug|Any CPU.Build.0 = Debug|Any CPU
		{777DAF2E-90BE-483A-84A0-B1D3992A7DAD}.Handlers Only|Any CPU.ActiveCfg = Release|Any CPU
		{777DAF2E-90BE-483A-84A0-B1D3992A7DAD}.Handlers Only|Any CPU.Build.0 = Release|Any CPU
		{777DAF2E-90BE-483A-84A0-B1D3992A7DAD}.Release|Any CPU.ActiveCfg = Release|Any CPU
		{777DAF2E-90BE-483A-84A0-B1D3992A7DAD}.Release|Any CPU.Build.0 = Release|Any CPU
		{C67CAC3B-BBBE-4640-A8C8-DF42442A0F10}.Debug|Any CPU.ActiveCfg = Debug|Any CPU
		{C67CAC3B-BBBE-4640-A8C8-DF42442A0F10}.Debug|Any CPU.Build.0 = Debug|Any CPU
		{C67CAC3B-BBBE-4640-A8C8-DF42442A0F10}.Handlers Only|Any CPU.ActiveCfg = Release|Any CPU
		{C67CAC3B-BBBE-4640-A8C8-DF42442A0F10}.Handlers Only|Any CPU.Build.0 = Release|Any CPU
		{C67CAC3B-BBBE-4640-A8C8-DF42442A0F10}.Release|Any CPU.ActiveCfg = Release|Any CPU
		{C67CAC3B-BBBE-4640-A8C8-DF42442A0F10}.Release|Any CPU.Build.0 = Release|Any CPU
		{CB43D828-8D18-46CF-8B78-F921BBBC64BD}.Debug|Any CPU.ActiveCfg = Debug|Any CPU
		{CB43D828-8D18-46CF-8B78-F921BBBC64BD}.Debug|Any CPU.Build.0 = Debug|Any CPU
		{CB43D828-8D18-46CF-8B78-F921BBBC64BD}.Handlers Only|Any CPU.ActiveCfg = Release|Any CPU
		{CB43D828-8D18-46CF-8B78-F921BBBC64BD}.Handlers Only|Any CPU.Build.0 = Release|Any CPU
		{CB43D828-8D18-46CF-8B78-F921BBBC64BD}.Release|Any CPU.ActiveCfg = Release|Any CPU
		{CB43D828-8D18-46CF-8B78-F921BBBC64BD}.Release|Any CPU.Build.0 = Release|Any CPU
		{E6993489-8476-4F1A-A827-C62528AAB547}.Debug|Any CPU.ActiveCfg = Debug|Any CPU
		{E6993489-8476-4F1A-A827-C62528AAB547}.Debug|Any CPU.Build.0 = Debug|Any CPU
		{E6993489-8476-4F1A-A827-C62528AAB547}.Handlers Only|Any CPU.ActiveCfg = Release|Any CPU
		{E6993489-8476-4F1A-A827-C62528AAB547}.Handlers Only|Any CPU.Build.0 = Release|Any CPU
		{E6993489-8476-4F1A-A827-C62528AAB547}.Release|Any CPU.ActiveCfg = Release|Any CPU
		{E6993489-8476-4F1A-A827-C62528AAB547}.Release|Any CPU.Build.0 = Release|Any CPU
		{79FEB293-8368-4348-A573-D343F9D8E28B}.Debug|Any CPU.ActiveCfg = Debug|Any CPU
		{79FEB293-8368-4348-A573-D343F9D8E28B}.Debug|Any CPU.Build.0 = Debug|Any CPU
		{79FEB293-8368-4348-A573-D343F9D8E28B}.Handlers Only|Any CPU.ActiveCfg = Release|Any CPU
		{79FEB293-8368-4348-A573-D343F9D8E28B}.Handlers Only|Any CPU.Build.0 = Release|Any CPU
		{79FEB293-8368-4348-A573-D343F9D8E28B}.Release|Any CPU.ActiveCfg = Release|Any CPU
		{79FEB293-8368-4348-A573-D343F9D8E28B}.Release|Any CPU.Build.0 = Release|Any CPU
		{A500A641-ACCA-43B6-9AD0-612100275540}.Debug|Any CPU.ActiveCfg = Debug|Any CPU
		{A500A641-ACCA-43B6-9AD0-612100275540}.Debug|Any CPU.Build.0 = Debug|Any CPU
		{A500A641-ACCA-43B6-9AD0-612100275540}.Handlers Only|Any CPU.ActiveCfg = Release|Any CPU
		{A500A641-ACCA-43B6-9AD0-612100275540}.Handlers Only|Any CPU.Build.0 = Release|Any CPU
		{A500A641-ACCA-43B6-9AD0-612100275540}.Release|Any CPU.ActiveCfg = Release|Any CPU
		{A500A641-ACCA-43B6-9AD0-612100275540}.Release|Any CPU.Build.0 = Release|Any CPU
		{56FEDE3A-C90B-4BBB-8A2F-D8F9E5F78A45}.Debug|Any CPU.ActiveCfg = Debug|Any CPU
		{56FEDE3A-C90B-4BBB-8A2F-D8F9E5F78A45}.Debug|Any CPU.Build.0 = Debug|Any CPU
		{56FEDE3A-C90B-4BBB-8A2F-D8F9E5F78A45}.Handlers Only|Any CPU.ActiveCfg = Release|Any CPU
		{56FEDE3A-C90B-4BBB-8A2F-D8F9E5F78A45}.Handlers Only|Any CPU.Build.0 = Release|Any CPU
		{56FEDE3A-C90B-4BBB-8A2F-D8F9E5F78A45}.Release|Any CPU.ActiveCfg = Release|Any CPU
		{56FEDE3A-C90B-4BBB-8A2F-D8F9E5F78A45}.Release|Any CPU.Build.0 = Release|Any CPU
		{8A980011-1300-4BFE-824B-8F8F8459CF17}.Debug|Any CPU.ActiveCfg = Debug|Any CPU
		{8A980011-1300-4BFE-824B-8F8F8459CF17}.Debug|Any CPU.Build.0 = Debug|Any CPU
		{8A980011-1300-4BFE-824B-8F8F8459CF17}.Handlers Only|Any CPU.ActiveCfg = Release|Any CPU
		{8A980011-1300-4BFE-824B-8F8F8459CF17}.Handlers Only|Any CPU.Build.0 = Release|Any CPU
		{8A980011-1300-4BFE-824B-8F8F8459CF17}.Release|Any CPU.ActiveCfg = Release|Any CPU
		{8A980011-1300-4BFE-824B-8F8F8459CF17}.Release|Any CPU.Build.0 = Release|Any CPU
		{4BE7915A-8EE8-4BF8-94EF-BCABB04FF862}.Debug|Any CPU.ActiveCfg = Debug|Any CPU
		{4BE7915A-8EE8-4BF8-94EF-BCABB04FF862}.Debug|Any CPU.Build.0 = Debug|Any CPU
		{4BE7915A-8EE8-4BF8-94EF-BCABB04FF862}.Handlers Only|Any CPU.ActiveCfg = Release|Any CPU
		{4BE7915A-8EE8-4BF8-94EF-BCABB04FF862}.Handlers Only|Any CPU.Build.0 = Release|Any CPU
		{4BE7915A-8EE8-4BF8-94EF-BCABB04FF862}.Release|Any CPU.ActiveCfg = Release|Any CPU
		{4BE7915A-8EE8-4BF8-94EF-BCABB04FF862}.Release|Any CPU.Build.0 = Release|Any CPU
		{9053A5F4-2CF3-4E92-9487-9BFFCB50405B}.Debug|Any CPU.ActiveCfg = Debug|Any CPU
		{9053A5F4-2CF3-4E92-9487-9BFFCB50405B}.Debug|Any CPU.Build.0 = Debug|Any CPU
		{9053A5F4-2CF3-4E92-9487-9BFFCB50405B}.Handlers Only|Any CPU.ActiveCfg = Release|Any CPU
		{9053A5F4-2CF3-4E92-9487-9BFFCB50405B}.Handlers Only|Any CPU.Build.0 = Release|Any CPU
		{9053A5F4-2CF3-4E92-9487-9BFFCB50405B}.Release|Any CPU.ActiveCfg = Release|Any CPU
		{9053A5F4-2CF3-4E92-9487-9BFFCB50405B}.Release|Any CPU.Build.0 = Release|Any CPU
		{ACE395F7-5243-4ADE-9329-F00A3AC322C1}.Debug|Any CPU.ActiveCfg = Debug|Any CPU
		{ACE395F7-5243-4ADE-9329-F00A3AC322C1}.Debug|Any CPU.Build.0 = Debug|Any CPU
		{ACE395F7-5243-4ADE-9329-F00A3AC322C1}.Handlers Only|Any CPU.ActiveCfg = Release|Any CPU
		{ACE395F7-5243-4ADE-9329-F00A3AC322C1}.Handlers Only|Any CPU.Build.0 = Release|Any CPU
		{ACE395F7-5243-4ADE-9329-F00A3AC322C1}.Release|Any CPU.ActiveCfg = Release|Any CPU
		{ACE395F7-5243-4ADE-9329-F00A3AC322C1}.Release|Any CPU.Build.0 = Release|Any CPU
		{3628B8AD-282D-44B5-BC92-561090711CA6}.Debug|Any CPU.ActiveCfg = Debug|Any CPU
		{3628B8AD-282D-44B5-BC92-561090711CA6}.Debug|Any CPU.Build.0 = Debug|Any CPU
		{3628B8AD-282D-44B5-BC92-561090711CA6}.Handlers Only|Any CPU.ActiveCfg = Release|Any CPU
		{3628B8AD-282D-44B5-BC92-561090711CA6}.Handlers Only|Any CPU.Build.0 = Release|Any CPU
		{3628B8AD-282D-44B5-BC92-561090711CA6}.Release|Any CPU.ActiveCfg = Release|Any CPU
		{3628B8AD-282D-44B5-BC92-561090711CA6}.Release|Any CPU.Build.0 = Release|Any CPU
		{9D7DAFCF-8DF8-4944-A19F-9988AE2BE177}.Debug|Any CPU.ActiveCfg = Debug|Any CPU
		{9D7DAFCF-8DF8-4944-A19F-9988AE2BE177}.Debug|Any CPU.Build.0 = Debug|Any CPU
		{9D7DAFCF-8DF8-4944-A19F-9988AE2BE177}.Handlers Only|Any CPU.ActiveCfg = Release|Any CPU
		{9D7DAFCF-8DF8-4944-A19F-9988AE2BE177}.Handlers Only|Any CPU.Build.0 = Release|Any CPU
		{9D7DAFCF-8DF8-4944-A19F-9988AE2BE177}.Release|Any CPU.ActiveCfg = Release|Any CPU
		{9D7DAFCF-8DF8-4944-A19F-9988AE2BE177}.Release|Any CPU.Build.0 = Release|Any CPU
	EndGlobalSection
	GlobalSection(SolutionProperties) = preSolution
		HideSolutionNode = FALSE
	EndGlobalSection
	GlobalSection(NestedProjects) = preSolution
		{6C3C3CC7-C84E-47FF-BD7B-B478C0DD26CF} = {4C24BDA8-08A0-4D6B-9712-FF91408C5089}
		{99634735-AEFB-4C1B-A239-258C6E930BFD} = {4C24BDA8-08A0-4D6B-9712-FF91408C5089}
		{C99D4675-B7DD-4A67-8BBF-34554BD20EAA} = {4C24BDA8-08A0-4D6B-9712-FF91408C5089}
		{3896276B-F6E4-4572-ADDB-6559D4835C0D} = {4C24BDA8-08A0-4D6B-9712-FF91408C5089}
		{0982E466-DA37-46BB-9A2B-EC68E177265E} = {4C24BDA8-08A0-4D6B-9712-FF91408C5089}
		{941C716D-E0F4-4AEE-AE1F-2903002A4F8C} = {4C24BDA8-08A0-4D6B-9712-FF91408C5089}
		{41FB05E6-A5C2-46A9-816C-BBD42A6424C5} = {4D8AD5FF-E4B5-4768-B08D-2758B70A35B8}
		{71FB99F8-B999-46AD-BEDE-B632B9085D3B} = {4D8AD5FF-E4B5-4768-B08D-2758B70A35B8}
		{C58C361D-5B4E-4FFB-A80A-B84702D53738} = {6C3C3CC7-C84E-47FF-BD7B-B478C0DD26CF}
		{63657416-40AF-4B76-A22D-55101342A64B} = {6C3C3CC7-C84E-47FF-BD7B-B478C0DD26CF}
		{78E825B3-364D-458B-88AD-27FBF3943F99} = {6C3C3CC7-C84E-47FF-BD7B-B478C0DD26CF}
		{5C18A0E8-253E-4533-A844-7A9F419BB475} = {99634735-AEFB-4C1B-A239-258C6E930BFD}
		{DA62AC24-D4C5-4A9D-81CF-8931C5425864} = {99634735-AEFB-4C1B-A239-258C6E930BFD}
		{E6993489-8476-4F1A-A827-C62528AAB547} = {99634735-AEFB-4C1B-A239-258C6E930BFD}
		{53B360C8-FD4F-446C-AF29-03BE1F6D90C8} = {C99D4675-B7DD-4A67-8BBF-34554BD20EAA}
		{954EEF05-3102-4743-8EAB-1C99927BE69B} = {C99D4675-B7DD-4A67-8BBF-34554BD20EAA}
		{639DDFBA-191D-473B-9491-E4ABCDA6F336} = {C99D4675-B7DD-4A67-8BBF-34554BD20EAA}
		{A7DBA673-307C-4147-96AB-9225E54098F1} = {3896276B-F6E4-4572-ADDB-6559D4835C0D}
		{1024D477-897D-4DA0-BEA2-9782499C4515} = {3896276B-F6E4-4572-ADDB-6559D4835C0D}
		{C67CAC3B-BBBE-4640-A8C8-DF42442A0F10} = {3896276B-F6E4-4572-ADDB-6559D4835C0D}
		{545F4C50-642A-4D85-BAEF-69DB4F51BD78} = {66E71D00-B395-4472-A920-2CADEFF2F694}
		{19510C29-D845-4839-B20F-50E242205A89} = {66E71D00-B395-4472-A920-2CADEFF2F694}
		{7BF61732-B1A8-43EB-96E1-D51DAC06F84F} = {66E71D00-B395-4472-A920-2CADEFF2F694}
		{D265DFD5-5C61-48DD-AA94-6EC07D54139C} = {66E71D00-B395-4472-A920-2CADEFF2F694}
		{CD005E8E-8000-4548-93A7-B0CC4A282953} = {66E71D00-B395-4472-A920-2CADEFF2F694}
		{5EA0E2AA-E6AB-47DC-972A-6CCB1B1627E3} = {545F4C50-642A-4D85-BAEF-69DB4F51BD78}
		{C0944908-3128-4447-82EF-BA946E4CFB81} = {19510C29-D845-4839-B20F-50E242205A89}
		{A53C7250-0815-4043-B8BA-15EA4892F7A7} = {19510C29-D845-4839-B20F-50E242205A89}
		{397F2AE8-080E-4476-93FA-885220099DD1} = {0982E466-DA37-46BB-9A2B-EC68E177265E}
		{B08E4188-7ADA-405C-B2AF-B9B6C55B9212} = {0982E466-DA37-46BB-9A2B-EC68E177265E}
		{CB43D828-8D18-46CF-8B78-F921BBBC64BD} = {0982E466-DA37-46BB-9A2B-EC68E177265E}
		{23CA67E2-2243-451A-A94E-929471A63000} = {AD9817D7-14A9-4198-8C2E-81BD02B25BC5}
		{3F174AF9-4E49-4AF5-9DE8-C18DE3884F51} = {941C716D-E0F4-4AEE-AE1F-2903002A4F8C}
		{1FDA981F-8189-4646-ACDF-0C8A8F3AE22E} = {941C716D-E0F4-4AEE-AE1F-2903002A4F8C}
		{777DAF2E-90BE-483A-84A0-B1D3992A7DAD} = {941C716D-E0F4-4AEE-AE1F-2903002A4F8C}
		{56FEDE3A-C90B-4BBB-8A2F-D8F9E5F78A45} = {7BF61732-B1A8-43EB-96E1-D51DAC06F84F}
		{9053A5F4-2CF3-4E92-9487-9BFFCB50405B} = {7BF61732-B1A8-43EB-96E1-D51DAC06F84F}
		{9D7DAFCF-8DF8-4944-A19F-9988AE2BE177} = {7BF61732-B1A8-43EB-96E1-D51DAC06F84F}
		{79FEB293-8368-4348-A573-D343F9D8E28B} = {D265DFD5-5C61-48DD-AA94-6EC07D54139C}
		{8A980011-1300-4BFE-824B-8F8F8459CF17} = {D265DFD5-5C61-48DD-AA94-6EC07D54139C}
		{ACE395F7-5243-4ADE-9329-F00A3AC322C1} = {D265DFD5-5C61-48DD-AA94-6EC07D54139C}
		{A500A641-ACCA-43B6-9AD0-612100275540} = {CD005E8E-8000-4548-93A7-B0CC4A282953}
		{4BE7915A-8EE8-4BF8-94EF-BCABB04FF862} = {CD005E8E-8000-4548-93A7-B0CC4A282953}
		{3628B8AD-282D-44B5-BC92-561090711CA6} = {CD005E8E-8000-4548-93A7-B0CC4A282953}
	EndGlobalSection
EndGlobal
