
Microsoft Visual Studio Solution File, Format Version 10.00
# Visual Studio 2008
Project("{F184B08F-C81C-45F6-A57F-5ABD9991F28F}") = "wevl", "wevl\wevl.vbproj", "{1FB4AD04-B2DD-40D3-96AA-1560EA73A5F5}"
EndProject
Project("{54435603-DBB4-11D2-8724-00A0C9A8B90C}") = "Setup", "..\Setup\Setup.vdproj", "{83239449-B83E-4E4C-97C0-301496124EF8}"
EndProject
Global
	GlobalSection(SolutionConfigurationPlatforms) = preSolution
		Debug|Any CPU = Debug|Any CPU
		Release|Any CPU = Release|Any CPU
	EndGlobalSection
	GlobalSection(ProjectConfigurationPlatforms) = postSolution
		{1FB4AD04-B2DD-40D3-96AA-1560EA73A5F5}.Debug|Any CPU.ActiveCfg = Debug|Any CPU
		{1FB4AD04-B2DD-40D3-96AA-1560EA73A5F5}.Debug|Any CPU.Build.0 = Debug|Any CPU
		{1FB4AD04-B2DD-40D3-96AA-1560EA73A5F5}.Release|Any CPU.ActiveCfg = Release|Any CPU
		{1FB4AD04-B2DD-40D3-96AA-1560EA73A5F5}.Release|Any CPU.Build.0 = Release|Any CPU
		{83239449-B83E-4E4C-97C0-301496124EF8}.Debug|Any CPU.ActiveCfg = Debug
		{83239449-B83E-4E4C-97C0-301496124EF8}.Release|Any CPU.ActiveCfg = Release
	EndGlobalSection
	GlobalSection(SolutionProperties) = preSolution
		HideSolutionNode = FALSE
	EndGlobalSection
EndGlobal
