
Microsoft Visual Studio Solution File, Format Version 10.00
# Visual Studio 2008
Project("{F184B08F-C81C-45F6-A57F-5ABD9991F28F}") = "ViewControl", "..\..\..\components\ViewControl\winMobile\ViewControl.vbproj", "{5A0389F9-AF9A-40A4-947B-CE0773959815}"
EndProject
Project("{F184B08F-C81C-45F6-A57F-5ABD9991F28F}") = "StraussPDA", "StraussPDA\StraussPDA.vbproj", "{4DD5D83A-046B-4A69-8335-FD8181924563}"
EndProject
Project("{F184B08F-C81C-45F6-A57F-5ABD9991F28F}") = "mnuControls", "..\..\..\components\SlideMenu\SlideMenu\mnuControls.vbproj", "{BB0BE30E-005F-440A-81C3-B6B349B44D17}"
EndProject
Project("{F184B08F-C81C-45F6-A57F-5ABD9991F28F}") = "frmControls", "..\..\..\components\frmControls\frmControls\frmControls.vbproj", "{51160138-3081-4533-8697-3C7778A42F5A}"
EndProject
Global
	GlobalSection(SolutionConfigurationPlatforms) = preSolution
		Debug|Any CPU = Debug|Any CPU
		Release|Any CPU = Release|Any CPU
	EndGlobalSection
	GlobalSection(ProjectConfigurationPlatforms) = postSolution
		{5A0389F9-AF9A-40A4-947B-CE0773959815}.Debug|Any CPU.ActiveCfg = Debug|Any CPU
		{5A0389F9-AF9A-40A4-947B-CE0773959815}.Debug|Any CPU.Build.0 = Debug|Any CPU
		{5A0389F9-AF9A-40A4-947B-CE0773959815}.Release|Any CPU.ActiveCfg = Release|Any CPU
		{5A0389F9-AF9A-40A4-947B-CE0773959815}.Release|Any CPU.Build.0 = Release|Any CPU
		{4DD5D83A-046B-4A69-8335-FD8181924563}.Debug|Any CPU.ActiveCfg = Debug|Any CPU
		{4DD5D83A-046B-4A69-8335-FD8181924563}.Debug|Any CPU.Build.0 = Debug|Any CPU
		{4DD5D83A-046B-4A69-8335-FD8181924563}.Debug|Any CPU.Deploy.0 = Debug|Any CPU
		{4DD5D83A-046B-4A69-8335-FD8181924563}.Release|Any CPU.ActiveCfg = Release|Any CPU
		{4DD5D83A-046B-4A69-8335-FD8181924563}.Release|Any CPU.Build.0 = Release|Any CPU
		{4DD5D83A-046B-4A69-8335-FD8181924563}.Release|Any CPU.Deploy.0 = Release|Any CPU
		{BB0BE30E-005F-440A-81C3-B6B349B44D17}.Debug|Any CPU.ActiveCfg = Debug|Any CPU
		{BB0BE30E-005F-440A-81C3-B6B349B44D17}.Debug|Any CPU.Build.0 = Debug|Any CPU
		{BB0BE30E-005F-440A-81C3-B6B349B44D17}.Release|Any CPU.ActiveCfg = Release|Any CPU
		{BB0BE30E-005F-440A-81C3-B6B349B44D17}.Release|Any CPU.Build.0 = Release|Any CPU
		{51160138-3081-4533-8697-3C7778A42F5A}.Debug|Any CPU.ActiveCfg = Debug|Any CPU
		{51160138-3081-4533-8697-3C7778A42F5A}.Debug|Any CPU.Build.0 = Debug|Any CPU
		{51160138-3081-4533-8697-3C7778A42F5A}.Release|Any CPU.ActiveCfg = Release|Any CPU
		{51160138-3081-4533-8697-3C7778A42F5A}.Release|Any CPU.Build.0 = Release|Any CPU
	EndGlobalSection
	GlobalSection(SolutionProperties) = preSolution
		HideSolutionNode = FALSE
	EndGlobalSection
EndGlobal
